// !$*UTF8*$!
{
	archiveVersion = 1;
	classes = {
	};
	objectVersion = 46;
	objects = {

/* Begin PBXBuildFile section */
		230AD0231B2CC993003254E7 /* AppDelegate.swift in Sources */ = {isa = PBXBuildFile; fileRef = 230AD0221B2CC993003254E7 /* AppDelegate.swift */; };
		230AD0251B2CC993003254E7 /* ViewController.swift in Sources */ = {isa = PBXBuildFile; fileRef = 230AD0241B2CC993003254E7 /* ViewController.swift */; };
		230AD0281B2CC993003254E7 /* Main.storyboard in Resources */ = {isa = PBXBuildFile; fileRef = 230AD0261B2CC993003254E7 /* Main.storyboard */; };
		230AD02A1B2CC993003254E7 /* Images.xcassets in Resources */ = {isa = PBXBuildFile; fileRef = 230AD0291B2CC993003254E7 /* Images.xcassets */; };
		230AD02D1B2CC993003254E7 /* LaunchScreen.xib in Resources */ = {isa = PBXBuildFile; fileRef = 230AD02B1B2CC993003254E7 /* LaunchScreen.xib */; };
		230AD0391B2CC993003254E7 /* MenMaTests.swift in Sources */ = {isa = PBXBuildFile; fileRef = 230AD0381B2CC993003254E7 /* MenMaTests.swift */; };
		230AD04C1B2CCA4E003254E7 /* InterfaceController.swift in Sources */ = {isa = PBXBuildFile; fileRef = 230AD04B1B2CCA4E003254E7 /* InterfaceController.swift */; };
		230AD04E1B2CCA4E003254E7 /* NotificationController.swift in Sources */ = {isa = PBXBuildFile; fileRef = 230AD04D1B2CCA4E003254E7 /* NotificationController.swift */; };
		230AD0501B2CCA4E003254E7 /* GlanceController.swift in Sources */ = {isa = PBXBuildFile; fileRef = 230AD04F1B2CCA4E003254E7 /* GlanceController.swift */; };
		230AD0521B2CCA4E003254E7 /* Images.xcassets in Resources */ = {isa = PBXBuildFile; fileRef = 230AD0511B2CCA4E003254E7 /* Images.xcassets */; };
		230AD0561B2CCA4E003254E7 /* MenMa WatchKit App.app in Resources */ = {isa = PBXBuildFile; fileRef = 230AD0551B2CCA4E003254E7 /* MenMa WatchKit App.app */; };
		230AD05E1B2CCA4E003254E7 /* Interface.storyboard in Resources */ = {isa = PBXBuildFile; fileRef = 230AD05C1B2CCA4E003254E7 /* Interface.storyboard */; };
		230AD0601B2CCA4E003254E7 /* Images.xcassets in Resources */ = {isa = PBXBuildFile; fileRef = 230AD05F1B2CCA4E003254E7 /* Images.xcassets */; };
		230AD0631B2CCA4E003254E7 /* MenMa WatchKit Extension.appex in Embed App Extensions */ = {isa = PBXBuildFile; fileRef = 230AD0461B2CCA4E003254E7 /* MenMa WatchKit Extension.appex */; settings = {ATTRIBUTES = (RemoveHeadersOnCopy, ); }; };
		5D29E935E92E80745BC4F09B /* libPods.a in Frameworks */ = {isa = PBXBuildFile; fileRef = B72235333B833050E8D4BF3E /* libPods.a */; };
		D29463621B2CCD0A004B5FBA /* MapKit.framework in Frameworks */ = {isa = PBXBuildFile; fileRef = D29463611B2CCD0A004B5FBA /* MapKit.framework */; };
		D29463631B2CCD16004B5FBA /* MapKit.framework in Frameworks */ = {isa = PBXBuildFile; fileRef = D29463611B2CCD0A004B5FBA /* MapKit.framework */; };
		D2DF268D1B2CFD6C001757E3 /* RamenRowController.swift in Sources */ = {isa = PBXBuildFile; fileRef = D2DF268C1B2CFD6C001757E3 /* RamenRowController.swift */; };
/* End PBXBuildFile section */

/* Begin PBXContainerItemProxy section */
		230AD0331B2CC993003254E7 /* PBXContainerItemProxy */ = {
			isa = PBXContainerItemProxy;
			containerPortal = 230AD0151B2CC993003254E7 /* Project object */;
			proxyType = 1;
			remoteGlobalIDString = 230AD01C1B2CC993003254E7;
			remoteInfo = MenMa;
		};
		230AD0571B2CCA4E003254E7 /* PBXContainerItemProxy */ = {
			isa = PBXContainerItemProxy;
			containerPortal = 230AD0151B2CC993003254E7 /* Project object */;
			proxyType = 1;
			remoteGlobalIDString = 230AD0541B2CCA4E003254E7;
			remoteInfo = "MenMa WatchKit App";
		};
		230AD0611B2CCA4E003254E7 /* PBXContainerItemProxy */ = {
			isa = PBXContainerItemProxy;
			containerPortal = 230AD0151B2CC993003254E7 /* Project object */;
			proxyType = 1;
			remoteGlobalIDString = 230AD0451B2CCA4E003254E7;
			remoteInfo = "MenMa WatchKit Extension";
		};
/* End PBXContainerItemProxy section */

/* Begin PBXCopyFilesBuildPhase section */
		230AD06A1B2CCA4E003254E7 /* Embed App Extensions */ = {
			isa = PBXCopyFilesBuildPhase;
			buildActionMask = 2147483647;
			dstPath = "";
			dstSubfolderSpec = 13;
			files = (
				230AD0631B2CCA4E003254E7 /* MenMa WatchKit Extension.appex in Embed App Extensions */,
			);
			name = "Embed App Extensions";
			runOnlyForDeploymentPostprocessing = 0;
		};
/* End PBXCopyFilesBuildPhase section */

/* Begin PBXFileReference section */
		230AD01D1B2CC993003254E7 /* MenMa.app */ = {isa = PBXFileReference; explicitFileType = wrapper.application; includeInIndex = 0; path = MenMa.app; sourceTree = BUILT_PRODUCTS_DIR; };
		230AD0211B2CC993003254E7 /* Info.plist */ = {isa = PBXFileReference; lastKnownFileType = text.plist.xml; path = Info.plist; sourceTree = "<group>"; };
		230AD0221B2CC993003254E7 /* AppDelegate.swift */ = {isa = PBXFileReference; lastKnownFileType = sourcecode.swift; path = AppDelegate.swift; sourceTree = "<group>"; };
		230AD0241B2CC993003254E7 /* ViewController.swift */ = {isa = PBXFileReference; lastKnownFileType = sourcecode.swift; path = ViewController.swift; sourceTree = "<group>"; };
		230AD0271B2CC993003254E7 /* Base */ = {isa = PBXFileReference; lastKnownFileType = file.storyboard; name = Base; path = Base.lproj/Main.storyboard; sourceTree = "<group>"; };
		230AD0291B2CC993003254E7 /* Images.xcassets */ = {isa = PBXFileReference; lastKnownFileType = folder.assetcatalog; path = Images.xcassets; sourceTree = "<group>"; };
		230AD02C1B2CC993003254E7 /* Base */ = {isa = PBXFileReference; lastKnownFileType = file.xib; name = Base; path = Base.lproj/LaunchScreen.xib; sourceTree = "<group>"; };
		230AD0321B2CC993003254E7 /* MenMaTests.xctest */ = {isa = PBXFileReference; explicitFileType = wrapper.cfbundle; includeInIndex = 0; path = MenMaTests.xctest; sourceTree = BUILT_PRODUCTS_DIR; };
		230AD0371B2CC993003254E7 /* Info.plist */ = {isa = PBXFileReference; lastKnownFileType = text.plist.xml; path = Info.plist; sourceTree = "<group>"; };
		230AD0381B2CC993003254E7 /* MenMaTests.swift */ = {isa = PBXFileReference; lastKnownFileType = sourcecode.swift; path = MenMaTests.swift; sourceTree = "<group>"; };
		230AD0461B2CCA4E003254E7 /* MenMa WatchKit Extension.appex */ = {isa = PBXFileReference; explicitFileType = "wrapper.app-extension"; includeInIndex = 0; path = "MenMa WatchKit Extension.appex"; sourceTree = BUILT_PRODUCTS_DIR; };
		230AD0491B2CCA4E003254E7 /* Info.plist */ = {isa = PBXFileReference; lastKnownFileType = text.plist.xml; path = Info.plist; sourceTree = "<group>"; };
		230AD04A1B2CCA4E003254E7 /* PushNotificationPayload.apns */ = {isa = PBXFileReference; lastKnownFileType = text; path = PushNotificationPayload.apns; sourceTree = "<group>"; };
		230AD04B1B2CCA4E003254E7 /* InterfaceController.swift */ = {isa = PBXFileReference; lastKnownFileType = sourcecode.swift; path = InterfaceController.swift; sourceTree = "<group>"; };
		230AD04D1B2CCA4E003254E7 /* NotificationController.swift */ = {isa = PBXFileReference; lastKnownFileType = sourcecode.swift; path = NotificationController.swift; sourceTree = "<group>"; };
		230AD04F1B2CCA4E003254E7 /* GlanceController.swift */ = {isa = PBXFileReference; lastKnownFileType = sourcecode.swift; path = GlanceController.swift; sourceTree = "<group>"; };
		230AD0511B2CCA4E003254E7 /* Images.xcassets */ = {isa = PBXFileReference; lastKnownFileType = folder.assetcatalog; path = Images.xcassets; sourceTree = "<group>"; };
		230AD0551B2CCA4E003254E7 /* MenMa WatchKit App.app */ = {isa = PBXFileReference; explicitFileType = wrapper.application; includeInIndex = 0; path = "MenMa WatchKit App.app"; sourceTree = BUILT_PRODUCTS_DIR; };
		230AD05B1B2CCA4E003254E7 /* Info.plist */ = {isa = PBXFileReference; lastKnownFileType = text.plist.xml; path = Info.plist; sourceTree = "<group>"; };
		230AD05D1B2CCA4E003254E7 /* Base */ = {isa = PBXFileReference; lastKnownFileType = file.storyboard; name = Base; path = Base.lproj/Interface.storyboard; sourceTree = "<group>"; };
		230AD05F1B2CCA4E003254E7 /* Images.xcassets */ = {isa = PBXFileReference; lastKnownFileType = folder.assetcatalog; path = Images.xcassets; sourceTree = "<group>"; };
		3F2B02D772AF6EC147534841 /* Pods.release.xcconfig */ = {isa = PBXFileReference; includeInIndex = 1; lastKnownFileType = text.xcconfig; name = Pods.release.xcconfig; path = "Pods/Target Support Files/Pods/Pods.release.xcconfig"; sourceTree = "<group>"; };
		B3714C9C24AB04A5D8F82BB3 /* Pods.debug.xcconfig */ = {isa = PBXFileReference; includeInIndex = 1; lastKnownFileType = text.xcconfig; name = Pods.debug.xcconfig; path = "Pods/Target Support Files/Pods/Pods.debug.xcconfig"; sourceTree = "<group>"; };
		B72235333B833050E8D4BF3E /* libPods.a */ = {isa = PBXFileReference; explicitFileType = archive.ar; includeInIndex = 0; path = libPods.a; sourceTree = BUILT_PRODUCTS_DIR; };
		D29463611B2CCD0A004B5FBA /* MapKit.framework */ = {isa = PBXFileReference; lastKnownFileType = wrapper.framework; name = MapKit.framework; path = System/Library/Frameworks/MapKit.framework; sourceTree = SDKROOT; };
		D29463711B2CDE4D004B5FBA /* Menma-Bridging-Header.h */ = {isa = PBXFileReference; lastKnownFileType = sourcecode.c.h; path = "Menma-Bridging-Header.h"; sourceTree = "<group>"; };
		D2B9C59B1B2D00D800FE6745 /* MenMa.entitlements */ = {isa = PBXFileReference; lastKnownFileType = text.xml; path = MenMa.entitlements; sourceTree = "<group>"; };
		D2B9C59C1B2D013000FE6745 /* MenMa WatchKit Extension.entitlements */ = {isa = PBXFileReference; lastKnownFileType = text.xml; path = "MenMa WatchKit Extension.entitlements"; sourceTree = "<group>"; };
		D2DF268C1B2CFD6C001757E3 /* RamenRowController.swift */ = {isa = PBXFileReference; fileEncoding = 4; lastKnownFileType = sourcecode.swift; path = RamenRowController.swift; sourceTree = "<group>"; };
/* End PBXFileReference section */

/* Begin PBXFrameworksBuildPhase section */
		230AD01A1B2CC993003254E7 /* Frameworks */ = {
			isa = PBXFrameworksBuildPhase;
			buildActionMask = 2147483647;
			files = (
				D29463631B2CCD16004B5FBA /* MapKit.framework in Frameworks */,
				5D29E935E92E80745BC4F09B /* libPods.a in Frameworks */,
			);
			runOnlyForDeploymentPostprocessing = 0;
		};
		230AD02F1B2CC993003254E7 /* Frameworks */ = {
			isa = PBXFrameworksBuildPhase;
			buildActionMask = 2147483647;
			files = (
			);
			runOnlyForDeploymentPostprocessing = 0;
		};
		230AD0431B2CCA4E003254E7 /* Frameworks */ = {
			isa = PBXFrameworksBuildPhase;
			buildActionMask = 2147483647;
			files = (
				D29463621B2CCD0A004B5FBA /* MapKit.framework in Frameworks */,
			);
			runOnlyForDeploymentPostprocessing = 0;
		};
/* End PBXFrameworksBuildPhase section */

/* Begin PBXGroup section */
		08219D17BAC016027CBCC38E /* Pods */ = {
			isa = PBXGroup;
			children = (
				B3714C9C24AB04A5D8F82BB3 /* Pods.debug.xcconfig */,
				3F2B02D772AF6EC147534841 /* Pods.release.xcconfig */,
			);
			name = Pods;
			sourceTree = "<group>";
		};
		230AD0141B2CC993003254E7 = {
			isa = PBXGroup;
			children = (
				D29463611B2CCD0A004B5FBA /* MapKit.framework */,
				230AD01F1B2CC993003254E7 /* MenMa */,
				230AD0351B2CC993003254E7 /* MenMaTests */,
				230AD0471B2CCA4E003254E7 /* MenMa WatchKit Extension */,
				230AD0591B2CCA4E003254E7 /* MenMa WatchKit App */,
				230AD01E1B2CC993003254E7 /* Products */,
				08219D17BAC016027CBCC38E /* Pods */,
				6EF659E3FDA21E4EF7D85323 /* Frameworks */,
			);
			sourceTree = "<group>";
		};
		230AD01E1B2CC993003254E7 /* Products */ = {
			isa = PBXGroup;
			children = (
				230AD01D1B2CC993003254E7 /* MenMa.app */,
				230AD0321B2CC993003254E7 /* MenMaTests.xctest */,
				230AD0461B2CCA4E003254E7 /* MenMa WatchKit Extension.appex */,
				230AD0551B2CCA4E003254E7 /* MenMa WatchKit App.app */,
			);
			name = Products;
			sourceTree = "<group>";
		};
		230AD01F1B2CC993003254E7 /* MenMa */ = {
			isa = PBXGroup;
			children = (
				D2B9C59B1B2D00D800FE6745 /* MenMa.entitlements */,
				230AD0221B2CC993003254E7 /* AppDelegate.swift */,
				230AD0241B2CC993003254E7 /* ViewController.swift */,
				D29463711B2CDE4D004B5FBA /* Menma-Bridging-Header.h */,
				230AD0261B2CC993003254E7 /* Main.storyboard */,
				230AD0291B2CC993003254E7 /* Images.xcassets */,
				230AD02B1B2CC993003254E7 /* LaunchScreen.xib */,
				230AD0201B2CC993003254E7 /* Supporting Files */,
			);
			path = MenMa;
			sourceTree = "<group>";
		};
		230AD0201B2CC993003254E7 /* Supporting Files */ = {
			isa = PBXGroup;
			children = (
				230AD0211B2CC993003254E7 /* Info.plist */,
			);
			name = "Supporting Files";
			sourceTree = "<group>";
		};
		230AD0351B2CC993003254E7 /* MenMaTests */ = {
			isa = PBXGroup;
			children = (
				230AD0381B2CC993003254E7 /* MenMaTests.swift */,
				230AD0361B2CC993003254E7 /* Supporting Files */,
			);
			path = MenMaTests;
			sourceTree = "<group>";
		};
		230AD0361B2CC993003254E7 /* Supporting Files */ = {
			isa = PBXGroup;
			children = (
				230AD0371B2CC993003254E7 /* Info.plist */,
			);
			name = "Supporting Files";
			sourceTree = "<group>";
		};
		230AD0471B2CCA4E003254E7 /* MenMa WatchKit Extension */ = {
			isa = PBXGroup;
			children = (
				D2B9C59C1B2D013000FE6745 /* MenMa WatchKit Extension.entitlements */,
				230AD04B1B2CCA4E003254E7 /* InterfaceController.swift */,
				230AD04D1B2CCA4E003254E7 /* NotificationController.swift */,
				230AD04F1B2CCA4E003254E7 /* GlanceController.swift */,
				D2DF268C1B2CFD6C001757E3 /* RamenRowController.swift */,
				230AD0511B2CCA4E003254E7 /* Images.xcassets */,
				230AD0481B2CCA4E003254E7 /* Supporting Files */,
			);
			path = "MenMa WatchKit Extension";
			sourceTree = "<group>";
		};
		230AD0481B2CCA4E003254E7 /* Supporting Files */ = {
			isa = PBXGroup;
			children = (
				230AD0491B2CCA4E003254E7 /* Info.plist */,
				230AD04A1B2CCA4E003254E7 /* PushNotificationPayload.apns */,
			);
			name = "Supporting Files";
			sourceTree = "<group>";
		};
		230AD0591B2CCA4E003254E7 /* MenMa WatchKit App */ = {
			isa = PBXGroup;
			children = (
				230AD05C1B2CCA4E003254E7 /* Interface.storyboard */,
				230AD05F1B2CCA4E003254E7 /* Images.xcassets */,
				230AD05A1B2CCA4E003254E7 /* Supporting Files */,
			);
			path = "MenMa WatchKit App";
			sourceTree = "<group>";
		};
		230AD05A1B2CCA4E003254E7 /* Supporting Files */ = {
			isa = PBXGroup;
			children = (
				230AD05B1B2CCA4E003254E7 /* Info.plist */,
			);
			name = "Supporting Files";
			sourceTree = "<group>";
		};
		6EF659E3FDA21E4EF7D85323 /* Frameworks */ = {
			isa = PBXGroup;
			children = (
				B72235333B833050E8D4BF3E /* libPods.a */,
			);
			name = Frameworks;
			sourceTree = "<group>";
		};
/* End PBXGroup section */

/* Begin PBXNativeTarget section */
		230AD01C1B2CC993003254E7 /* MenMa */ = {
			isa = PBXNativeTarget;
			buildConfigurationList = 230AD03C1B2CC993003254E7 /* Build configuration list for PBXNativeTarget "MenMa" */;
			buildPhases = (
				D5B0E7767A735AE5CBD89C9C /* Check Pods Manifest.lock */,
				230AD0191B2CC993003254E7 /* Sources */,
				230AD01A1B2CC993003254E7 /* Frameworks */,
				230AD01B1B2CC993003254E7 /* Resources */,
				230AD06A1B2CCA4E003254E7 /* Embed App Extensions */,
				CF320CC553A1E4DAA505F9CF /* Copy Pods Resources */,
				1413DF078EFEAAC55AE7F564 /* Embed Pods Frameworks */,
			);
			buildRules = (
			);
			dependencies = (
				230AD0621B2CCA4E003254E7 /* PBXTargetDependency */,
			);
			name = MenMa;
			productName = MenMa;
			productReference = 230AD01D1B2CC993003254E7 /* MenMa.app */;
			productType = "com.apple.product-type.application";
		};
		230AD0311B2CC993003254E7 /* MenMaTests */ = {
			isa = PBXNativeTarget;
			buildConfigurationList = 230AD03F1B2CC993003254E7 /* Build configuration list for PBXNativeTarget "MenMaTests" */;
			buildPhases = (
				230AD02E1B2CC993003254E7 /* Sources */,
				230AD02F1B2CC993003254E7 /* Frameworks */,
				230AD0301B2CC993003254E7 /* Resources */,
			);
			buildRules = (
			);
			dependencies = (
				230AD0341B2CC993003254E7 /* PBXTargetDependency */,
			);
			name = MenMaTests;
			productName = MenMaTests;
			productReference = 230AD0321B2CC993003254E7 /* MenMaTests.xctest */;
			productType = "com.apple.product-type.bundle.unit-test";
		};
		230AD0451B2CCA4E003254E7 /* MenMa WatchKit Extension */ = {
			isa = PBXNativeTarget;
			buildConfigurationList = 230AD0671B2CCA4E003254E7 /* Build configuration list for PBXNativeTarget "MenMa WatchKit Extension" */;
			buildPhases = (
				230AD0421B2CCA4E003254E7 /* Sources */,
				230AD0431B2CCA4E003254E7 /* Frameworks */,
				230AD0441B2CCA4E003254E7 /* Resources */,
			);
			buildRules = (
			);
			dependencies = (
				230AD0581B2CCA4E003254E7 /* PBXTargetDependency */,
			);
			name = "MenMa WatchKit Extension";
			productName = "MenMa WatchKit Extension";
			productReference = 230AD0461B2CCA4E003254E7 /* MenMa WatchKit Extension.appex */;
			productType = "com.apple.product-type.watchkit-extension";
		};
		230AD0541B2CCA4E003254E7 /* MenMa WatchKit App */ = {
			isa = PBXNativeTarget;
			buildConfigurationList = 230AD0641B2CCA4E003254E7 /* Build configuration list for PBXNativeTarget "MenMa WatchKit App" */;
			buildPhases = (
				230AD0531B2CCA4E003254E7 /* Resources */,
			);
			buildRules = (
			);
			dependencies = (
			);
			name = "MenMa WatchKit App";
			productName = "MenMa WatchKit App";
			productReference = 230AD0551B2CCA4E003254E7 /* MenMa WatchKit App.app */;
			productType = "com.apple.product-type.application.watchapp";
		};
/* End PBXNativeTarget section */

/* Begin PBXProject section */
		230AD0151B2CC993003254E7 /* Project object */ = {
			isa = PBXProject;
			attributes = {
				LastSwiftMigration = 0720;
				LastSwiftUpdateCheck = 0720;
				LastUpgradeCheck = 0630;
				ORGANIZATIONNAME = "Keita Ito";
				TargetAttributes = {
					230AD01C1B2CC993003254E7 = {
						CreatedOnToolsVersion = 6.3.2;
						DevelopmentTeam = D433NUFZ5K;
						SystemCapabilities = {
							com.apple.ApplicationGroups.iOS = {
								enabled = 1;
							};
							com.apple.Maps.iOS = {
								enabled = 1;
							};
						};
					};
					230AD0311B2CC993003254E7 = {
						CreatedOnToolsVersion = 6.3.2;
						DevelopmentTeam = D433NUFZ5K;
						TestTargetID = 230AD01C1B2CC993003254E7;
					};
					230AD0451B2CCA4E003254E7 = {
						CreatedOnToolsVersion = 6.3.2;
						DevelopmentTeam = D433NUFZ5K;
						SystemCapabilities = {
							com.apple.ApplicationGroups.iOS = {
								enabled = 1;
							};
							com.apple.Maps.iOS = {
								enabled = 1;
							};
						};
					};
					230AD0541B2CCA4E003254E7 = {
						CreatedOnToolsVersion = 6.3.2;
						DevelopmentTeam = D433NUFZ5K;
					};
				};
			};
			buildConfigurationList = 230AD0181B2CC993003254E7 /* Build configuration list for PBXProject "MenMa" */;
			compatibilityVersion = "Xcode 3.2";
			developmentRegion = English;
			hasScannedForEncodings = 0;
			knownRegions = (
				en,
				Base,
			);
			mainGroup = 230AD0141B2CC993003254E7;
			productRefGroup = 230AD01E1B2CC993003254E7 /* Products */;
			projectDirPath = "";
			projectRoot = "";
			targets = (
				230AD01C1B2CC993003254E7 /* MenMa */,
				230AD0311B2CC993003254E7 /* MenMaTests */,
				230AD0451B2CCA4E003254E7 /* MenMa WatchKit Extension */,
				230AD0541B2CCA4E003254E7 /* MenMa WatchKit App */,
			);
		};
/* End PBXProject section */

/* Begin PBXResourcesBuildPhase section */
		230AD01B1B2CC993003254E7 /* Resources */ = {
			isa = PBXResourcesBuildPhase;
			buildActionMask = 2147483647;
			files = (
				230AD0281B2CC993003254E7 /* Main.storyboard in Resources */,
				230AD02D1B2CC993003254E7 /* LaunchScreen.xib in Resources */,
				230AD02A1B2CC993003254E7 /* Images.xcassets in Resources */,
			);
			runOnlyForDeploymentPostprocessing = 0;
		};
		230AD0301B2CC993003254E7 /* Resources */ = {
			isa = PBXResourcesBuildPhase;
			buildActionMask = 2147483647;
			files = (
			);
			runOnlyForDeploymentPostprocessing = 0;
		};
		230AD0441B2CCA4E003254E7 /* Resources */ = {
			isa = PBXResourcesBuildPhase;
			buildActionMask = 2147483647;
			files = (
				230AD0521B2CCA4E003254E7 /* Images.xcassets in Resources */,
				230AD0561B2CCA4E003254E7 /* MenMa WatchKit App.app in Resources */,
			);
			runOnlyForDeploymentPostprocessing = 0;
		};
		230AD0531B2CCA4E003254E7 /* Resources */ = {
			isa = PBXResourcesBuildPhase;
			buildActionMask = 2147483647;
			files = (
				230AD05E1B2CCA4E003254E7 /* Interface.storyboard in Resources */,
				230AD0601B2CCA4E003254E7 /* Images.xcassets in Resources */,
			);
			runOnlyForDeploymentPostprocessing = 0;
		};
/* End PBXResourcesBuildPhase section */

/* Begin PBXShellScriptBuildPhase section */
		1413DF078EFEAAC55AE7F564 /* Embed Pods Frameworks */ = {
			isa = PBXShellScriptBuildPhase;
			buildActionMask = 2147483647;
			files = (
			);
			inputPaths = (
			);
			name = "Embed Pods Frameworks";
			outputPaths = (
			);
			runOnlyForDeploymentPostprocessing = 0;
			shellPath = /bin/sh;
			shellScript = "\"${SRCROOT}/Pods/Target Support Files/Pods/Pods-frameworks.sh\"\n";
			showEnvVarsInLog = 0;
		};
		CF320CC553A1E4DAA505F9CF /* Copy Pods Resources */ = {
			isa = PBXShellScriptBuildPhase;
			buildActionMask = 2147483647;
			files = (
			);
			inputPaths = (
			);
			name = "Copy Pods Resources";
			outputPaths = (
			);
			runOnlyForDeploymentPostprocessing = 0;
			shellPath = /bin/sh;
			shellScript = "\"${SRCROOT}/Pods/Target Support Files/Pods/Pods-resources.sh\"\n";
			showEnvVarsInLog = 0;
		};
		D5B0E7767A735AE5CBD89C9C /* Check Pods Manifest.lock */ = {
			isa = PBXShellScriptBuildPhase;
			buildActionMask = 2147483647;
			files = (
			);
			inputPaths = (
			);
			name = "Check Pods Manifest.lock";
			outputPaths = (
			);
			runOnlyForDeploymentPostprocessing = 0;
			shellPath = /bin/sh;
			shellScript = "diff \"${PODS_ROOT}/../Podfile.lock\" \"${PODS_ROOT}/Manifest.lock\" > /dev/null\nif [[ $? != 0 ]] ; then\n    cat << EOM\nerror: The sandbox is not in sync with the Podfile.lock. Run 'pod install' or update your CocoaPods installation.\nEOM\n    exit 1\nfi\n";
			showEnvVarsInLog = 0;
		};
/* End PBXShellScriptBuildPhase section */

/* Begin PBXSourcesBuildPhase section */
		230AD0191B2CC993003254E7 /* Sources */ = {
			isa = PBXSourcesBuildPhase;
			buildActionMask = 2147483647;
			files = (
				230AD0251B2CC993003254E7 /* ViewController.swift in Sources */,
				230AD0231B2CC993003254E7 /* AppDelegate.swift in Sources */,
			);
			runOnlyForDeploymentPostprocessing = 0;
		};
		230AD02E1B2CC993003254E7 /* Sources */ = {
			isa = PBXSourcesBuildPhase;
			buildActionMask = 2147483647;
			files = (
				230AD0391B2CC993003254E7 /* MenMaTests.swift in Sources */,
			);
			runOnlyForDeploymentPostprocessing = 0;
		};
		230AD0421B2CCA4E003254E7 /* Sources */ = {
			isa = PBXSourcesBuildPhase;
			buildActionMask = 2147483647;
			files = (
				230AD04E1B2CCA4E003254E7 /* NotificationController.swift in Sources */,
				230AD04C1B2CCA4E003254E7 /* InterfaceController.swift in Sources */,
				D2DF268D1B2CFD6C001757E3 /* RamenRowController.swift in Sources */,
				230AD0501B2CCA4E003254E7 /* GlanceController.swift in Sources */,
			);
			runOnlyForDeploymentPostprocessing = 0;
		};
/* End PBXSourcesBuildPhase section */

/* Begin PBXTargetDependency section */
		230AD0341B2CC993003254E7 /* PBXTargetDependency */ = {
			isa = PBXTargetDependency;
			target = 230AD01C1B2CC993003254E7 /* MenMa */;
			targetProxy = 230AD0331B2CC993003254E7 /* PBXContainerItemProxy */;
		};
		230AD0581B2CCA4E003254E7 /* PBXTargetDependency */ = {
			isa = PBXTargetDependency;
			target = 230AD0541B2CCA4E003254E7 /* MenMa WatchKit App */;
			targetProxy = 230AD0571B2CCA4E003254E7 /* PBXContainerItemProxy */;
		};
		230AD0621B2CCA4E003254E7 /* PBXTargetDependency */ = {
			isa = PBXTargetDependency;
			target = 230AD0451B2CCA4E003254E7 /* MenMa WatchKit Extension */;
			targetProxy = 230AD0611B2CCA4E003254E7 /* PBXContainerItemProxy */;
		};
/* End PBXTargetDependency section */

/* Begin PBXVariantGroup section */
		230AD0261B2CC993003254E7 /* Main.storyboard */ = {
			isa = PBXVariantGroup;
			children = (
				230AD0271B2CC993003254E7 /* Base */,
			);
			name = Main.storyboard;
			sourceTree = "<group>";
		};
		230AD02B1B2CC993003254E7 /* LaunchScreen.xib */ = {
			isa = PBXVariantGroup;
			children = (
				230AD02C1B2CC993003254E7 /* Base */,
			);
			name = LaunchScreen.xib;
			sourceTree = "<group>";
		};
		230AD05C1B2CCA4E003254E7 /* Interface.storyboard */ = {
			isa = PBXVariantGroup;
			children = (
				230AD05D1B2CCA4E003254E7 /* Base */,
			);
			name = Interface.storyboard;
			sourceTree = "<group>";
		};
/* End PBXVariantGroup section */

/* Begin XCBuildConfiguration section */
		230AD03A1B2CC993003254E7 /* Debug */ = {
			isa = XCBuildConfiguration;
			buildSettings = {
				ALWAYS_SEARCH_USER_PATHS = NO;
				CLANG_CXX_LANGUAGE_STANDARD = "gnu++0x";
				CLANG_CXX_LIBRARY = "libc++";
				CLANG_ENABLE_MODULES = YES;
				CLANG_ENABLE_OBJC_ARC = YES;
				CLANG_WARN_BOOL_CONVERSION = YES;
				CLANG_WARN_CONSTANT_CONVERSION = YES;
				CLANG_WARN_DIRECT_OBJC_ISA_USAGE = YES_ERROR;
				CLANG_WARN_EMPTY_BODY = YES;
				CLANG_WARN_ENUM_CONVERSION = YES;
				CLANG_WARN_INT_CONVERSION = YES;
				CLANG_WARN_OBJC_ROOT_CLASS = YES_ERROR;
				CLANG_WARN_UNREACHABLE_CODE = YES;
				CLANG_WARN__DUPLICATE_METHOD_MATCH = YES;
				CODE_SIGN_IDENTITY = "iPhone Developer";
				"CODE_SIGN_IDENTITY[sdk=iphoneos*]" = "iPhone Developer";
				COPY_PHASE_STRIP = NO;
				DEBUG_INFORMATION_FORMAT = "dwarf-with-dsym";
				ENABLE_STRICT_OBJC_MSGSEND = YES;
				GCC_C_LANGUAGE_STANDARD = gnu99;
				GCC_DYNAMIC_NO_PIC = NO;
				GCC_NO_COMMON_BLOCKS = YES;
				GCC_OPTIMIZATION_LEVEL = 0;
				GCC_PREPROCESSOR_DEFINITIONS = (
					"DEBUG=1",
					"$(inherited)",
				);
				GCC_SYMBOLS_PRIVATE_EXTERN = NO;
				GCC_WARN_64_TO_32_BIT_CONVERSION = YES;
				GCC_WARN_ABOUT_RETURN_TYPE = YES_ERROR;
				GCC_WARN_UNDECLARED_SELECTOR = YES;
				GCC_WARN_UNINITIALIZED_AUTOS = YES_AGGRESSIVE;
				GCC_WARN_UNUSED_FUNCTION = YES;
				GCC_WARN_UNUSED_VARIABLE = YES;
				IPHONEOS_DEPLOYMENT_TARGET = 8.3;
				MTL_ENABLE_DEBUG_INFO = YES;
				ONLY_ACTIVE_ARCH = YES;
				PROVISIONING_PROFILE = "5a4da5fd-4af3-4859-9e51-1ffdd64a23b4";
				SDKROOT = iphoneos;
				SWIFT_OPTIMIZATION_LEVEL = "-Onone";
				TARGETED_DEVICE_FAMILY = "1,2";
			};
			name = Debug;
		};
		230AD03B1B2CC993003254E7 /* Release */ = {
			isa = XCBuildConfiguration;
			buildSettings = {
				ALWAYS_SEARCH_USER_PATHS = NO;
				CLANG_CXX_LANGUAGE_STANDARD = "gnu++0x";
				CLANG_CXX_LIBRARY = "libc++";
				CLANG_ENABLE_MODULES = YES;
				CLANG_ENABLE_OBJC_ARC = YES;
				CLANG_WARN_BOOL_CONVERSION = YES;
				CLANG_WARN_CONSTANT_CONVERSION = YES;
				CLANG_WARN_DIRECT_OBJC_ISA_USAGE = YES_ERROR;
				CLANG_WARN_EMPTY_BODY = YES;
				CLANG_WARN_ENUM_CONVERSION = YES;
				CLANG_WARN_INT_CONVERSION = YES;
				CLANG_WARN_OBJC_ROOT_CLASS = YES_ERROR;
				CLANG_WARN_UNREACHABLE_CODE = YES;
				CLANG_WARN__DUPLICATE_METHOD_MATCH = YES;
				CODE_SIGN_IDENTITY = "iPhone Developer";
				"CODE_SIGN_IDENTITY[sdk=iphoneos*]" = "iPhone Developer";
				COPY_PHASE_STRIP = NO;
				DEBUG_INFORMATION_FORMAT = "dwarf-with-dsym";
				ENABLE_NS_ASSERTIONS = NO;
				ENABLE_STRICT_OBJC_MSGSEND = YES;
				GCC_C_LANGUAGE_STANDARD = gnu99;
				GCC_NO_COMMON_BLOCKS = YES;
				GCC_WARN_64_TO_32_BIT_CONVERSION = YES;
				GCC_WARN_ABOUT_RETURN_TYPE = YES_ERROR;
				GCC_WARN_UNDECLARED_SELECTOR = YES;
				GCC_WARN_UNINITIALIZED_AUTOS = YES_AGGRESSIVE;
				GCC_WARN_UNUSED_FUNCTION = YES;
				GCC_WARN_UNUSED_VARIABLE = YES;
				IPHONEOS_DEPLOYMENT_TARGET = 8.3;
				MTL_ENABLE_DEBUG_INFO = NO;
				PROVISIONING_PROFILE = "5a4da5fd-4af3-4859-9e51-1ffdd64a23b4";
				SDKROOT = iphoneos;
				TARGETED_DEVICE_FAMILY = "1,2";
				VALIDATE_PRODUCT = YES;
			};
			name = Release;
		};
		230AD03D1B2CC993003254E7 /* Debug */ = {
			isa = XCBuildConfiguration;
			baseConfigurationReference = B3714C9C24AB04A5D8F82BB3 /* Pods.debug.xcconfig */;
			buildSettings = {
				ASSETCATALOG_COMPILER_APPICON_NAME = AppIcon;
				CLANG_ENABLE_MODULES = YES;
				CODE_SIGN_ENTITLEMENTS = MenMa/MenMa.entitlements;
				CODE_SIGN_IDENTITY = "iPhone Developer";
				"CODE_SIGN_IDENTITY[sdk=iphoneos*]" = "iPhone Developer";
				INFOPLIST_FILE = MenMa/Info.plist;
				LD_RUNPATH_SEARCH_PATHS = "$(inherited) @executable_path/Frameworks";
				PRODUCT_NAME = "$(TARGET_NAME)";
				PROVISIONING_PROFILE = "";
				SWIFT_OBJC_BRIDGING_HEADER = "MenMa/MenMa-Bridging-Header.h";
				SWIFT_OPTIMIZATION_LEVEL = "-Onone";
			};
			name = Debug;
		};
		230AD03E1B2CC993003254E7 /* Release */ = {
			isa = XCBuildConfiguration;
			baseConfigurationReference = 3F2B02D772AF6EC147534841 /* Pods.release.xcconfig */;
			buildSettings = {
				ASSETCATALOG_COMPILER_APPICON_NAME = AppIcon;
				CLANG_ENABLE_MODULES = YES;
				CODE_SIGN_ENTITLEMENTS = MenMa/MenMa.entitlements;
				CODE_SIGN_IDENTITY = "iPhone Developer";
				"CODE_SIGN_IDENTITY[sdk=iphoneos*]" = "iPhone Developer";
				INFOPLIST_FILE = MenMa/Info.plist;
				LD_RUNPATH_SEARCH_PATHS = "$(inherited) @executable_path/Frameworks";
				PRODUCT_NAME = "$(TARGET_NAME)";
				PROVISIONING_PROFILE = "";
				SWIFT_OBJC_BRIDGING_HEADER = "MenMa/MenMa-Bridging-Header.h";
			};
			name = Release;
		};
		230AD0401B2CC993003254E7 /* Debug */ = {
			isa = XCBuildConfiguration;
			buildSettings = {
				BUNDLE_LOADER = "$(TEST_HOST)";
				CODE_SIGN_IDENTITY = "iPhone Developer";
				"CODE_SIGN_IDENTITY[sdk=iphoneos*]" = "iPhone Developer";
				FRAMEWORK_SEARCH_PATHS = (
					"$(SDKROOT)/Developer/Library/Frameworks",
					"$(inherited)",
				);
				GCC_PREPROCESSOR_DEFINITIONS = (
					"DEBUG=1",
					"$(inherited)",
				);
				INFOPLIST_FILE = MenMaTests/Info.plist;
				LD_RUNPATH_SEARCH_PATHS = "$(inherited) @executable_path/Frameworks @loader_path/Frameworks";
				PRODUCT_NAME = "$(TARGET_NAME)";
				PROVISIONING_PROFILE = "";
				TEST_HOST = "$(BUILT_PRODUCTS_DIR)/MenMa.app/MenMa";
			};
			name = Debug;
		};
		230AD0411B2CC993003254E7 /* Release */ = {
			isa = XCBuildConfiguration;
			buildSettings = {
				BUNDLE_LOADER = "$(TEST_HOST)";
				CODE_SIGN_IDENTITY = "iPhone Developer";
				"CODE_SIGN_IDENTITY[sdk=iphoneos*]" = "iPhone Developer";
				FRAMEWORK_SEARCH_PATHS = (
					"$(SDKROOT)/Developer/Library/Frameworks",
					"$(inherited)",
				);
				INFOPLIST_FILE = MenMaTests/Info.plist;
				LD_RUNPATH_SEARCH_PATHS = "$(inherited) @executable_path/Frameworks @loader_path/Frameworks";
				PRODUCT_NAME = "$(TARGET_NAME)";
				PROVISIONING_PROFILE = "";
				TEST_HOST = "$(BUILT_PRODUCTS_DIR)/MenMa.app/MenMa";
			};
			name = Release;
		};
		230AD0651B2CCA4E003254E7 /* Debug */ = {
			isa = XCBuildConfiguration;
			buildSettings = {
				ASSETCATALOG_COMPILER_APPICON_NAME = AppIcon;
				CODE_SIGN_IDENTITY = "iPhone Developer";
				"CODE_SIGN_IDENTITY[sdk=iphoneos*]" = "iPhone Developer";
				GCC_PREPROCESSOR_DEFINITIONS = (
					"DEBUG=1",
					"$(inherited)",
				);
				IBSC_MODULE = MenMa_WatchKit_Extension;
				INFOPLIST_FILE = "MenMa WatchKit App/Info.plist";
				IPHONEOS_DEPLOYMENT_TARGET = 8.2;
				PRODUCT_NAME = "$(TARGET_NAME)";
				PROVISIONING_PROFILE = "";
				SKIP_INSTALL = YES;
				TARGETED_DEVICE_FAMILY = 4;
				"TARGETED_DEVICE_FAMILY[sdk=iphonesimulator*]" = "1,4";
			};
			name = Debug;
		};
		230AD0661B2CCA4E003254E7 /* Release */ = {
			isa = XCBuildConfiguration;
			buildSettings = {
				ASSETCATALOG_COMPILER_APPICON_NAME = AppIcon;
				CODE_SIGN_IDENTITY = "iPhone Developer";
				"CODE_SIGN_IDENTITY[sdk=iphoneos*]" = "iPhone Developer";
				IBSC_MODULE = MenMa_WatchKit_Extension;
				INFOPLIST_FILE = "MenMa WatchKit App/Info.plist";
				IPHONEOS_DEPLOYMENT_TARGET = 8.2;
				PRODUCT_NAME = "$(TARGET_NAME)";
				PROVISIONING_PROFILE = "";
				SKIP_INSTALL = YES;
				TARGETED_DEVICE_FAMILY = 4;
				"TARGETED_DEVICE_FAMILY[sdk=iphonesimulator*]" = "1,4";
			};
			name = Release;
		};
		230AD0681B2CCA4E003254E7 /* Debug */ = {
			isa = XCBuildConfiguration;
			buildSettings = {
				CODE_SIGN_ENTITLEMENTS = "MenMa WatchKit Extension/MenMa WatchKit Extension.entitlements";
				CODE_SIGN_IDENTITY = "iPhone Developer";
				"CODE_SIGN_IDENTITY[sdk=iphoneos*]" = "iPhone Developer";
				GCC_PREPROCESSOR_DEFINITIONS = (
					"DEBUG=1",
					"$(inherited)",
				);
				INFOPLIST_FILE = "MenMa WatchKit Extension/Info.plist";
				LD_RUNPATH_SEARCH_PATHS = "$(inherited) @executable_path/Frameworks @executable_path/../../Frameworks";
				PRODUCT_NAME = "${TARGET_NAME}";
				PROVISIONING_PROFILE = "";
				SKIP_INSTALL = YES;
			};
			name = Debug;
		};
		230AD0691B2CCA4E003254E7 /* Release */ = {
			isa = XCBuildConfiguration;
			buildSettings = {
				CODE_SIGN_ENTITLEMENTS = "MenMa WatchKit Extension/MenMa WatchKit Extension.entitlements";
				CODE_SIGN_IDENTITY = "iPhone Developer";
				"CODE_SIGN_IDENTITY[sdk=iphoneos*]" = "iPhone Developer";
				INFOPLIST_FILE = "MenMa WatchKit Extension/Info.plist";
				LD_RUNPATH_SEARCH_PATHS = "$(inherited) @executable_path/Frameworks @executable_path/../../Frameworks";
				PRODUCT_NAME = "${TARGET_NAME}";
				PROVISIONING_PROFILE = "";
				SKIP_INSTALL = YES;
			};
			name = Release;
		};
/* End XCBuildConfiguration section */

/* Begin XCConfigurationList section */
		230AD0181B2CC993003254E7 /* Build configuration list for PBXProject "MenMa" */ = {
			isa = XCConfigurationList;
			buildConfigurations = (
				230AD03A1B2CC993003254E7 /* Debug */,
				230AD03B1B2CC993003254E7 /* Release */,
			);
			defaultConfigurationIsVisible = 0;
			defaultConfigurationName = Release;
		};
		230AD03C1B2CC993003254E7 /* Build configuration list for PBXNativeTarget "MenMa" */ = {
			isa = XCConfigurationList;
			buildConfigurations = (
				230AD03D1B2CC993003254E7 /* Debug */,
				230AD03E1B2CC993003254E7 /* Release */,
			);
			defaultConfigurationIsVisible = 0;
			defaultConfigurationName = Release;
		};
		230AD03F1B2CC993003254E7 /* Build configuration list for PBXNativeTarget "MenMaTests" */ = {
			isa = XCConfigurationList;
			buildConfigurations = (
				230AD0401B2CC993003254E7 /* Debug */,
				230AD0411B2CC993003254E7 /* Release */,
			);
			defaultConfigurationIsVisible = 0;
			defaultConfigurationName = Release;
		};
		230AD0641B2CCA4E003254E7 /* Build configuration list for PBXNativeTarget "MenMa WatchKit App" */ = {
			isa = XCConfigurationList;
			buildConfigurations = (
				230AD0651B2CCA4E003254E7 /* Debug */,
				230AD0661B2CCA4E003254E7 /* Release */,
			);
			defaultConfigurationIsVisible = 0;
			defaultConfigurationName = Release;
		};
		230AD0671B2CCA4E003254E7 /* Build configuration list for PBXNativeTarget "MenMa WatchKit Extension" */ = {
			isa = XCConfigurationList;
			buildConfigurations = (
				230AD0681B2CCA4E003254E7 /* Debug */,
				230AD0691B2CCA4E003254E7 /* Release */,
			);
			defaultConfigurationIsVisible = 0;
			defaultConfigurationName = Release;
		};
/* End XCConfigurationList section */
	};
	rootObject = 230AD0151B2CC993003254E7 /* Project object */;
}
